
Microsoft Visual Studio Solution File, Format Version 12.00
# Visual Studio 15
VisualStudioVersion = 15.0.28307.421
MinimumVisualStudioVersion = 10.0.40219.1
Project("{FAE04EC0-301F-11D3-BF4B-00C04F79EFBC}") = "Lesson57_Jason_April8", "Lesson57_Jason_April8\Lesson57_Jason_April8.csproj", "{601420F1-7C26-49C0-8E12-CF91FE28B82C}"
EndProject
Global
	GlobalSection(SolutionConfigurationPlatforms) = preSolution
		Debug|Any CPU = Debug|Any CPU
		Release|Any CPU = Release|Any CPU
	EndGlobalSection
	GlobalSection(ProjectConfigurationPlatforms) = postSolution
		{601420F1-7C26-49C0-8E12-CF91FE28B82C}.Debug|Any CPU.ActiveCfg = Debug|Any CPU
		{601420F1-7C26-49C0-8E12-CF91FE28B82C}.Debug|Any CPU.Build.0 = Debug|Any CPU
		{601420F1-7C26-49C0-8E12-CF91FE28B82C}.Release|Any CPU.ActiveCfg = Release|Any CPU
		{601420F1-7C26-49C0-8E12-CF91FE28B82C}.Release|Any CPU.Build.0 = Release|Any CPU
	EndGlobalSection
	GlobalSection(SolutionProperties) = preSolution
		HideSolutionNode = FALSE
	EndGlobalSection
	GlobalSection(ExtensibilityGlobals) = postSolution
		SolutionGuid = {E5B38267-31F0-4854-9908-8A9CBD6F42B8}
	EndGlobalSection
EndGlobal
